
Microsoft Visual Studio Solution File, Format Version 12.00
# Visual Studio 14
VisualStudioVersion = 14.0.25420.1
MinimumVisualStudioVersion = 10.0.40219.1
Project("{FAE04EC0-301F-11D3-BF4B-00C04F79EFBC}") = "OrderIt.Dashboard", "OrderIt\OrderIt.Dashboard.csproj", "{3E4DEF22-94C6-49C1-97A6-442534B7B185}"
EndProject
Project("{FAE04EC0-301F-11D3-BF4B-00C04F79EFBC}") = "OrderIt.Dashboard.Test", "OrderIt.Dashboard.Test\OrderIt.Dashboard.Test.csproj", "{B5674AFF-B4BE-46ED-9563-FD053C360E97}"
EndProject
Project("{FAE04EC0-301F-11D3-BF4B-00C04F79EFBC}") = "OrderIt.DataAccess.Test", "OrderIt.DataAccess.Test\OrderIt.DataAccess.Test.csproj", "{9609E923-A530-4777-95A5-B1FFBDF21BBA}"
EndProject
Project("{FAE04EC0-301F-11D3-BF4B-00C04F79EFBC}") = "OrderIt.DataAccess", "OrderIt.DataAccess\OrderIt.DataAccess.csproj", "{2B96A860-819A-47CE-A63B-05B7CD3444D5}"
EndProject
Global
	GlobalSection(SolutionConfigurationPlatforms) = preSolution
		Debug|Any CPU = Debug|Any CPU
		Debug|ARM = Debug|ARM
		Debug|x64 = Debug|x64
		Debug|x86 = Debug|x86
		Release|Any CPU = Release|Any CPU
		Release|ARM = Release|ARM
		Release|x64 = Release|x64
		Release|x86 = Release|x86
	EndGlobalSection
	GlobalSection(ProjectConfigurationPlatforms) = postSolution
		{3E4DEF22-94C6-49C1-97A6-442534B7B185}.Debug|Any CPU.ActiveCfg = Debug|Any CPU
		{3E4DEF22-94C6-49C1-97A6-442534B7B185}.Debug|Any CPU.Build.0 = Debug|Any CPU
		{3E4DEF22-94C6-49C1-97A6-442534B7B185}.Debug|ARM.ActiveCfg = Debug|Any CPU
		{3E4DEF22-94C6-49C1-97A6-442534B7B185}.Debug|ARM.Build.0 = Debug|Any CPU
		{3E4DEF22-94C6-49C1-97A6-442534B7B185}.Debug|x64.ActiveCfg = Debug|Any CPU
		{3E4DEF22-94C6-49C1-97A6-442534B7B185}.Debug|x64.Build.0 = Debug|Any CPU
		{3E4DEF22-94C6-49C1-97A6-442534B7B185}.Debug|x86.ActiveCfg = Debug|Any CPU
		{3E4DEF22-94C6-49C1-97A6-442534B7B185}.Debug|x86.Build.0 = Debug|Any CPU
		{3E4DEF22-94C6-49C1-97A6-442534B7B185}.Release|Any CPU.ActiveCfg = Release|Any CPU
		{3E4DEF22-94C6-49C1-97A6-442534B7B185}.Release|Any CPU.Build.0 = Release|Any CPU
		{3E4DEF22-94C6-49C1-97A6-442534B7B185}.Release|ARM.ActiveCfg = Release|Any CPU
		{3E4DEF22-94C6-49C1-97A6-442534B7B185}.Release|ARM.Build.0 = Release|Any CPU
		{3E4DEF22-94C6-49C1-97A6-442534B7B185}.Release|x64.ActiveCfg = Release|Any CPU
		{3E4DEF22-94C6-49C1-97A6-442534B7B185}.Release|x64.Build.0 = Release|Any CPU
		{3E4DEF22-94C6-49C1-97A6-442534B7B185}.Release|x86.ActiveCfg = Release|Any CPU
		{3E4DEF22-94C6-49C1-97A6-442534B7B185}.Release|x86.Build.0 = Release|Any CPU
		{B5674AFF-B4BE-46ED-9563-FD053C360E97}.Debug|Any CPU.ActiveCfg = Debug|Any CPU
		{B5674AFF-B4BE-46ED-9563-FD053C360E97}.Debug|Any CPU.Build.0 = Debug|Any CPU
		{B5674AFF-B4BE-46ED-9563-FD053C360E97}.Debug|ARM.ActiveCfg = Debug|Any CPU
		{B5674AFF-B4BE-46ED-9563-FD053C360E97}.Debug|ARM.Build.0 = Debug|Any CPU
		{B5674AFF-B4BE-46ED-9563-FD053C360E97}.Debug|x64.ActiveCfg = Debug|Any CPU
		{B5674AFF-B4BE-46ED-9563-FD053C360E97}.Debug|x64.Build.0 = Debug|Any CPU
		{B5674AFF-B4BE-46ED-9563-FD053C360E97}.Debug|x86.ActiveCfg = Debug|Any CPU
		{B5674AFF-B4BE-46ED-9563-FD053C360E97}.Debug|x86.Build.0 = Debug|Any CPU
		{B5674AFF-B4BE-46ED-9563-FD053C360E97}.Release|Any CPU.ActiveCfg = Release|Any CPU
		{B5674AFF-B4BE-46ED-9563-FD053C360E97}.Release|Any CPU.Build.0 = Release|Any CPU
		{B5674AFF-B4BE-46ED-9563-FD053C360E97}.Release|ARM.ActiveCfg = Release|Any CPU
		{B5674AFF-B4BE-46ED-9563-FD053C360E97}.Release|ARM.Build.0 = Release|Any CPU
		{B5674AFF-B4BE-46ED-9563-FD053C360E97}.Release|x64.ActiveCfg = Release|Any CPU
		{B5674AFF-B4BE-46ED-9563-FD053C360E97}.Release|x64.Build.0 = Release|Any CPU
		{B5674AFF-B4BE-46ED-9563-FD053C360E97}.Release|x86.ActiveCfg = Release|Any CPU
		{B5674AFF-B4BE-46ED-9563-FD053C360E97}.Release|x86.Build.0 = Release|Any CPU
		{9609E923-A530-4777-95A5-B1FFBDF21BBA}.Debug|Any CPU.ActiveCfg = Debug|Any CPU
		{9609E923-A530-4777-95A5-B1FFBDF21BBA}.Debug|Any CPU.Build.0 = Debug|Any CPU
		{9609E923-A530-4777-95A5-B1FFBDF21BBA}.Debug|ARM.ActiveCfg = Debug|Any CPU
		{9609E923-A530-4777-95A5-B1FFBDF21BBA}.Debug|ARM.Build.0 = Debug|Any CPU
		{9609E923-A530-4777-95A5-B1FFBDF21BBA}.Debug|x64.ActiveCfg = Debug|Any CPU
		{9609E923-A530-4777-95A5-B1FFBDF21BBA}.Debug|x64.Build.0 = Debug|Any CPU
		{9609E923-A530-4777-95A5-B1FFBDF21BBA}.Debug|x86.ActiveCfg = Debug|Any CPU
		{9609E923-A530-4777-95A5-B1FFBDF21BBA}.Debug|x86.Build.0 = Debug|Any CPU
		{9609E923-A530-4777-95A5-B1FFBDF21BBA}.Release|Any CPU.ActiveCfg = Release|Any CPU
		{9609E923-A530-4777-95A5-B1FFBDF21BBA}.Release|Any CPU.Build.0 = Release|Any CPU
		{9609E923-A530-4777-95A5-B1FFBDF21BBA}.Release|ARM.ActiveCfg = Release|Any CPU
		{9609E923-A530-4777-95A5-B1FFBDF21BBA}.Release|ARM.Build.0 = Release|Any CPU
		{9609E923-A530-4777-95A5-B1FFBDF21BBA}.Release|x64.ActiveCfg = Release|Any CPU
		{9609E923-A530-4777-95A5-B1FFBDF21BBA}.Release|x64.Build.0 = Release|Any CPU
		{9609E923-A530-4777-95A5-B1FFBDF21BBA}.Release|x86.ActiveCfg = Release|Any CPU
		{9609E923-A530-4777-95A5-B1FFBDF21BBA}.Release|x86.Build.0 = Release|Any CPU
		{2B96A860-819A-47CE-A63B-05B7CD3444D5}.Debug|Any CPU.ActiveCfg = Debug|Any CPU
		{2B96A860-819A-47CE-A63B-05B7CD3444D5}.Debug|Any CPU.Build.0 = Debug|Any CPU
		{2B96A860-819A-47CE-A63B-05B7CD3444D5}.Debug|ARM.ActiveCfg = Debug|Any CPU
		{2B96A860-819A-47CE-A63B-05B7CD3444D5}.Debug|ARM.Build.0 = Debug|Any CPU
		{2B96A860-819A-47CE-A63B-05B7CD3444D5}.Debug|x64.ActiveCfg = Debug|Any CPU
		{2B96A860-819A-47CE-A63B-05B7CD3444D5}.Debug|x64.Build.0 = Debug|Any CPU
		{2B96A860-819A-47CE-A63B-05B7CD3444D5}.Debug|x86.ActiveCfg = Debug|Any CPU
		{2B96A860-819A-47CE-A63B-05B7CD3444D5}.Debug|x86.Build.0 = Debug|Any CPU
		{2B96A860-819A-47CE-A63B-05B7CD3444D5}.Release|Any CPU.ActiveCfg = Release|Any CPU
		{2B96A860-819A-47CE-A63B-05B7CD3444D5}.Release|Any CPU.Build.0 = Release|Any CPU
		{2B96A860-819A-47CE-A63B-05B7CD3444D5}.Release|ARM.ActiveCfg = Release|Any CPU
		{2B96A860-819A-47CE-A63B-05B7CD3444D5}.Release|ARM.Build.0 = Release|Any CPU
		{2B96A860-819A-47CE-A63B-05B7CD3444D5}.Release|x64.ActiveCfg = Release|Any CPU
		{2B96A860-819A-47CE-A63B-05B7CD3444D5}.Release|x64.Build.0 = Release|Any CPU
		{2B96A860-819A-47CE-A63B-05B7CD3444D5}.Release|x86.ActiveCfg = Release|Any CPU
		{2B96A860-819A-47CE-A63B-05B7CD3444D5}.Release|x86.Build.0 = Release|Any CPU
	EndGlobalSection
	GlobalSection(SolutionProperties) = preSolution
		HideSolutionNode = FALSE
	EndGlobalSection
EndGlobal
